{
archiveVersion = 1;
objectVersion = 56;
classes = {};

objects = {

000000000000000000000001 = {
    isa = PBXProject;
    targets = (
        000000000000000000000002,
    );
};

000000000000000000000002 = {
    isa = PBXNativeTarget;
    name = MorePlay;
    productName = MorePlay;
};

};

rootObject = 000000000000000000000001;

}
