{
archiveVersion = 1;
classes = {};
objectVersion = 56;

objects = {

/* Project */

A00000000000000000000001 = {
    isa = PBXProject;
    buildConfigurationList = A00000000000000000000002;
    compatibilityVersion = "Xcode 14.0";
    developmentRegion = en;
    hasScannedForEncodings = 0;
    knownRegions = (
        en,
    );
    mainGroup = A00000000000000000000003;
    productRefGroup = A00000000000000000000004;
    projectDirPath = "";
    projectRoot = "";
    targets = (
        A00000000000000000000005,
    );
};

/* Groups */

A00000000000000000000003 = {
    isa = PBXGroup;
    children = (
    );
    sourceTree = "<group>";
};

A00000000000000000000004 = {
    isa = PBXGroup;
    children = (
    );
    name = Products;
    sourceTree = "<group>";
};

/* Target */

A00000000000000000000005 = {
    isa = PBXNativeTarget;
    buildConfigurationList = A00000000000000000000006;
    buildPhases = (
    );
    buildRules = (
    );
    dependencies = (
    );
    name = MorePlay;
    productName = MorePlay;
    productType = "com.apple.product-type.application";
};

/* Build Configurations */

A00000000000000000000002 = {
    isa = XCConfigurationList;
    buildConfigurations = (
        A00000000000000000000007,
        A00000000000000000000008,
    );
    defaultConfigurationIsVisible = 0;
    defaultConfigurationName = Release;
};

A00000000000000000000006 = {
    isa = XCConfigurationList;
    buildConfigurations = (
        A00000000000000000000007,
        A00000000000000000000008,
    );
    defaultConfigurationIsVisible = 0;
    defaultConfigurationName = Release;
};

A00000000000000000000007 = {
    isa = XCBuildConfiguration;
    name = Debug;
    buildSettings = {
        PRODUCT_NAME = MorePlay;
        SDKROOT = iphoneos;
        PRODUCT_BUNDLE_IDENTIFIER = com.metalliquest.moreplay;
        CODE_SIGN_STYLE = Automatic;
    };
};

A00000000000000000000008 = {
    isa = XCBuildConfiguration;
    name = Release;
    buildSettings = {
        PRODUCT_NAME = MorePlay;
        SDKROOT = iphoneos;
        PRODUCT_BUNDLE_IDENTIFIER = com.metalliquest.moreplay;
        CODE_SIGN_STYLE = Automatic;
    };
};

};

rootObject = A00000000000000000000001;

}
